
Microsoft Visual Studio Solution File, Format Version 12.00
# Visual Studio Version 17
VisualStudioVersion = 17.3.32922.545
MinimumVisualStudioVersion = 10.0.40219.1
Project("{FAE04EC0-301F-11D3-BF4B-00C04F79EFBC}") = "VendasLanches03", "VendasLanches03.csproj", "{6115F0A6-7EB0-43BF-A4EF-5EFDF4B5FD16}"
EndProject
Global
	GlobalSection(SolutionConfigurationPlatforms) = preSolution
		Debug|Any CPU = Debug|Any CPU
		Release|Any CPU = Release|Any CPU
	EndGlobalSection
	GlobalSection(ProjectConfigurationPlatforms) = postSolution
		{6115F0A6-7EB0-43BF-A4EF-5EFDF4B5FD16}.Debug|Any CPU.ActiveCfg = Debug|Any CPU
		{6115F0A6-7EB0-43BF-A4EF-5EFDF4B5FD16}.Debug|Any CPU.Build.0 = Debug|Any CPU
		{6115F0A6-7EB0-43BF-A4EF-5EFDF4B5FD16}.Release|Any CPU.ActiveCfg = Release|Any CPU
		{6115F0A6-7EB0-43BF-A4EF-5EFDF4B5FD16}.Release|Any CPU.Build.0 = Release|Any CPU
	EndGlobalSection
	GlobalSection(SolutionProperties) = preSolution
		HideSolutionNode = FALSE
	EndGlobalSection
	GlobalSection(ExtensibilityGlobals) = postSolution
		SolutionGuid = {AB6BB867-4B93-4BCE-B982-0856E67B9AA0}
	EndGlobalSection
EndGlobal
